// !$*UTF8*$!
{
	archiveVersion = 1;
	classes = {
	};
	objectVersion = 50;
	objects = {

/* Begin PBXBuildFile section */
		B5722C222691F8370057FC3C /* AppDelegate.swift in Sources */ = {isa = PBXBuildFile; fileRef = B5722C212691F8370057FC3C /* AppDelegate.swift */; };
		B5722C242691F8370057FC3C /* SceneDelegate.swift in Sources */ = {isa = PBXBuildFile; fileRef = B5722C232691F8370057FC3C /* SceneDelegate.swift */; };
		B5722C2B2691F83A0057FC3C /* Assets.xcassets in Resources */ = {isa = PBXBuildFile; fileRef = B5722C2A2691F83A0057FC3C /* Assets.xcassets */; };
		B5722C2E2691F83A0057FC3C /* LaunchScreen.storyboard in Resources */ = {isa = PBXBuildFile; fileRef = B5722C2C2691F83A0057FC3C /* LaunchScreen.storyboard */; };
		B5722C3A2691FB220057FC3C /* PersonsList.storyboard in Resources */ = {isa = PBXBuildFile; fileRef = B5722C392691FB220057FC3C /* PersonsList.storyboard */; };
		B5722C3E26923FB80057FC3C /* PersonsTableVC.swift in Sources */ = {isa = PBXBuildFile; fileRef = B5722C3D26923FB80057FC3C /* PersonsTableVC.swift */; };
		B5902D3B2692FFBF00802A5F /* DataStorage.swift in Sources */ = {isa = PBXBuildFile; fileRef = B5902D3A2692FFBF00802A5F /* DataStorage.swift */; };
		B5C62EFE2694674C009D8169 /* ModelsPersons.swift in Sources */ = {isa = PBXBuildFile; fileRef = B5C62EFD2694674C009D8169 /* ModelsPersons.swift */; };
/* End PBXBuildFile section */

/* Begin PBXFileReference section */
		B5722C1E2691F8370057FC3C /* Home work 15.app */ = {isa = PBXFileReference; explicitFileType = wrapper.application; includeInIndex = 0; path = "Home work 15.app"; sourceTree = BUILT_PRODUCTS_DIR; };
		B5722C212691F8370057FC3C /* AppDelegate.swift */ = {isa = PBXFileReference; lastKnownFileType = sourcecode.swift; path = AppDelegate.swift; sourceTree = "<group>"; };
		B5722C232691F8370057FC3C /* SceneDelegate.swift */ = {isa = PBXFileReference; lastKnownFileType = sourcecode.swift; path = SceneDelegate.swift; sourceTree = "<group>"; };
		B5722C2A2691F83A0057FC3C /* Assets.xcassets */ = {isa = PBXFileReference; lastKnownFileType = folder.assetcatalog; path = Assets.xcassets; sourceTree = "<group>"; };
		B5722C2D2691F83A0057FC3C /* Base */ = {isa = PBXFileReference; lastKnownFileType = file.storyboard; name = Base; path = Base.lproj/LaunchScreen.storyboard; sourceTree = "<group>"; };
		B5722C2F2691F83A0057FC3C /* Info.plist */ = {isa = PBXFileReference; lastKnownFileType = text.plist.xml; path = Info.plist; sourceTree = "<group>"; };
		B5722C392691FB220057FC3C /* PersonsList.storyboard */ = {isa = PBXFileReference; lastKnownFileType = file.storyboard; path = PersonsList.storyboard; sourceTree = "<group>"; };
		B5722C3D26923FB80057FC3C /* PersonsTableVC.swift */ = {isa = PBXFileReference; lastKnownFileType = sourcecode.swift; path = PersonsTableVC.swift; sourceTree = "<group>"; };
		B5902D3A2692FFBF00802A5F /* DataStorage.swift */ = {isa = PBXFileReference; lastKnownFileType = sourcecode.swift; path = DataStorage.swift; sourceTree = "<group>"; };
		B5C62EFD2694674C009D8169 /* ModelsPersons.swift */ = {isa = PBXFileReference; lastKnownFileType = sourcecode.swift; path = ModelsPersons.swift; sourceTree = "<group>"; };
/* End PBXFileReference section */

/* Begin PBXFrameworksBuildPhase section */
		B5722C1B2691F8370057FC3C /* Frameworks */ = {
			isa = PBXFrameworksBuildPhase;
			buildActionMask = 2147483647;
			files = (
			);
			runOnlyForDeploymentPostprocessing = 0;
		};
/* End PBXFrameworksBuildPhase section */

/* Begin PBXGroup section */
		B5722C152691F8370057FC3C = {
			isa = PBXGroup;
			children = (
				B5722C202691F8370057FC3C /* Home work 15 */,
				B5722C1F2691F8370057FC3C /* Products */,
			);
			sourceTree = "<group>";
		};
		B5722C1F2691F8370057FC3C /* Products */ = {
			isa = PBXGroup;
			children = (
				B5722C1E2691F8370057FC3C /* Home work 15.app */,
			);
			name = Products;
			sourceTree = "<group>";
		};
		B5722C202691F8370057FC3C /* Home work 15 */ = {
			isa = PBXGroup;
			children = (
				B5C62EFC26946723009D8169 /* Models */,
				B5722C382691F9060057FC3C /* AppFiles */,
				B5722C372691F8A90057FC3C /* Resourses */,
				B5722C362691F8970057FC3C /* Views */,
				B5722C352691F88B0057FC3C /* Controllers */,
				B5722C2F2691F83A0057FC3C /* Info.plist */,
			);
			path = "Home work 15";
			sourceTree = "<group>";
		};
		B5722C352691F88B0057FC3C /* Controllers */ = {
			isa = PBXGroup;
			children = (
				B5722C3D26923FB80057FC3C /* PersonsTableVC.swift */,
			);
			path = Controllers;
			sourceTree = "<group>";
		};
		B5722C362691F8970057FC3C /* Views */ = {
			isa = PBXGroup;
			children = (
				B5722C2C2691F83A0057FC3C /* LaunchScreen.storyboard */,
				B5722C392691FB220057FC3C /* PersonsList.storyboard */,
			);
			path = Views;
			sourceTree = "<group>";
		};
		B5722C372691F8A90057FC3C /* Resourses */ = {
			isa = PBXGroup;
			children = (
				B5722C2A2691F83A0057FC3C /* Assets.xcassets */,
				B5902D3A2692FFBF00802A5F /* DataStorage.swift */,
			);
			path = Resourses;
			sourceTree = "<group>";
		};
		B5722C382691F9060057FC3C /* AppFiles */ = {
			isa = PBXGroup;
			children = (
				B5722C212691F8370057FC3C /* AppDelegate.swift */,
				B5722C232691F8370057FC3C /* SceneDelegate.swift */,
			);
			path = AppFiles;
			sourceTree = "<group>";
		};
		B5C62EFC26946723009D8169 /* Models */ = {
			isa = PBXGroup;
			children = (
				B5C62EFD2694674C009D8169 /* ModelsPersons.swift */,
			);
			path = Models;
			sourceTree = "<group>";
		};
/* End PBXGroup section */

/* Begin PBXNativeTarget section */
		B5722C1D2691F8370057FC3C /* Home work 15 */ = {
			isa = PBXNativeTarget;
			buildConfigurationList = B5722C322691F83A0057FC3C /* Build configuration list for PBXNativeTarget "Home work 15" */;
			buildPhases = (
				B5722C1A2691F8370057FC3C /* Sources */,
				B5722C1B2691F8370057FC3C /* Frameworks */,
				B5722C1C2691F8370057FC3C /* Resources */,
			);
			buildRules = (
			);
			dependencies = (
			);
			name = "Home work 15";
			productName = "Home work 15";
			productReference = B5722C1E2691F8370057FC3C /* Home work 15.app */;
			productType = "com.apple.product-type.application";
		};
/* End PBXNativeTarget section */

/* Begin PBXProject section */
		B5722C162691F8370057FC3C /* Project object */ = {
			isa = PBXProject;
			attributes = {
				LastSwiftUpdateCheck = 1250;
				LastUpgradeCheck = 1250;
				TargetAttributes = {
					B5722C1D2691F8370057FC3C = {
						CreatedOnToolsVersion = 12.5.1;
					};
				};
			};
			buildConfigurationList = B5722C192691F8370057FC3C /* Build configuration list for PBXProject "Home work 15" */;
			compatibilityVersion = "Xcode 9.3";
			developmentRegion = en;
			hasScannedForEncodings = 0;
			knownRegions = (
				en,
				Base,
			);
			mainGroup = B5722C152691F8370057FC3C;
			productRefGroup = B5722C1F2691F8370057FC3C /* Products */;
			projectDirPath = "";
			projectRoot = "";
			targets = (
				B5722C1D2691F8370057FC3C /* Home work 15 */,
			);
		};
/* End PBXProject section */

/* Begin PBXResourcesBuildPhase section */
		B5722C1C2691F8370057FC3C /* Resources */ = {
			isa = PBXResourcesBuildPhase;
			buildActionMask = 2147483647;
			files = (
				B5722C3A2691FB220057FC3C /* PersonsList.storyboard in Resources */,
				B5722C2E2691F83A0057FC3C /* LaunchScreen.storyboard in Resources */,
				B5722C2B2691F83A0057FC3C /* Assets.xcassets in Resources */,
			);
			runOnlyForDeploymentPostprocessing = 0;
		};
/* End PBXResourcesBuildPhase section */

/* Begin PBXSourcesBuildPhase section */
		B5722C1A2691F8370057FC3C /* Sources */ = {
			isa = PBXSourcesBuildPhase;
			buildActionMask = 2147483647;
			files = (
				B5722C222691F8370057FC3C /* AppDelegate.swift in Sources */,
				B5C62EFE2694674C009D8169 /* ModelsPersons.swift in Sources */,
				B5722C242691F8370057FC3C /* SceneDelegate.swift in Sources */,
				B5722C3E26923FB80057FC3C /* PersonsTableVC.swift in Sources */,
				B5902D3B2692FFBF00802A5F /* DataStorage.swift in Sources */,
			);
			runOnlyForDeploymentPostprocessing = 0;
		};
/* End PBXSourcesBuildPhase section */

/* Begin PBXVariantGroup section */
		B5722C2C2691F83A0057FC3C /* LaunchScreen.storyboard */ = {
			isa = PBXVariantGroup;
			children = (
				B5722C2D2691F83A0057FC3C /* Base */,
			);
			name = LaunchScreen.storyboard;
			sourceTree = "<group>";
		};
/* End PBXVariantGroup section */

/* Begin XCBuildConfiguration section */
		B5722C302691F83A0057FC3C /* Debug */ = {
			isa = XCBuildConfiguration;
			buildSettings = {
				ALWAYS_SEARCH_USER_PATHS = NO;
				CLANG_ANALYZER_NONNULL = YES;
				CLANG_ANALYZER_NUMBER_OBJECT_CONVERSION = YES_AGGRESSIVE;
				CLANG_CXX_LANGUAGE_STANDARD = "gnu++14";
				CLANG_CXX_LIBRARY = "libc++";
				CLANG_ENABLE_MODULES = YES;
				CLANG_ENABLE_OBJC_ARC = YES;
				CLANG_ENABLE_OBJC_WEAK = YES;
				CLANG_WARN_BLOCK_CAPTURE_AUTORELEASING = YES;
				CLANG_WARN_BOOL_CONVERSION = YES;
				CLANG_WARN_COMMA = YES;
				CLANG_WARN_CONSTANT_CONVERSION = YES;
				CLANG_WARN_DEPRECATED_OBJC_IMPLEMENTATIONS = YES;
				CLANG_WARN_DIRECT_OBJC_ISA_USAGE = YES_ERROR;
				CLANG_WARN_DOCUMENTATION_COMMENTS = YES;
				CLANG_WARN_EMPTY_BODY = YES;
				CLANG_WARN_ENUM_CONVERSION = YES;
				CLANG_WARN_INFINITE_RECURSION = YES;
				CLANG_WARN_INT_CONVERSION = YES;
				CLANG_WARN_NON_LITERAL_NULL_CONVERSION = YES;
				CLANG_WARN_OBJC_IMPLICIT_RETAIN_SELF = YES;
				CLANG_WARN_OBJC_LITERAL_CONVERSION = YES;
				CLANG_WARN_OBJC_ROOT_CLASS = YES_ERROR;
				CLANG_WARN_QUOTED_INCLUDE_IN_FRAMEWORK_HEADER = YES;
				CLANG_WARN_RANGE_LOOP_ANALYSIS = YES;
				CLANG_WARN_STRICT_PROTOTYPES = YES;
				CLANG_WARN_SUSPICIOUS_MOVE = YES;
				CLANG_WARN_UNGUARDED_AVAILABILITY = YES_AGGRESSIVE;
				CLANG_WARN_UNREACHABLE_CODE = YES;
				CLANG_WARN__DUPLICATE_METHOD_MATCH = YES;
				COPY_PHASE_STRIP = NO;
				DEBUG_INFORMATION_FORMAT = dwarf;
				ENABLE_STRICT_OBJC_MSGSEND = YES;
				ENABLE_TESTABILITY = YES;
				GCC_C_LANGUAGE_STANDARD = gnu11;
				GCC_DYNAMIC_NO_PIC = NO;
				GCC_NO_COMMON_BLOCKS = YES;
				GCC_OPTIMIZATION_LEVEL = 0;
				GCC_PREPROCESSOR_DEFINITIONS = (
					"DEBUG=1",
					"$(inherited)",
				);
				GCC_WARN_64_TO_32_BIT_CONVERSION = YES;
				GCC_WARN_ABOUT_RETURN_TYPE = YES_ERROR;
				GCC_WARN_UNDECLARED_SELECTOR = YES;
				GCC_WARN_UNINITIALIZED_AUTOS = YES_AGGRESSIVE;
				GCC_WARN_UNUSED_FUNCTION = YES;
				GCC_WARN_UNUSED_VARIABLE = YES;
				IPHONEOS_DEPLOYMENT_TARGET = 14.5;
				MTL_ENABLE_DEBUG_INFO = INCLUDE_SOURCE;
				MTL_FAST_MATH = YES;
				ONLY_ACTIVE_ARCH = YES;
				SDKROOT = iphoneos;
				SWIFT_ACTIVE_COMPILATION_CONDITIONS = DEBUG;
				SWIFT_OPTIMIZATION_LEVEL = "-Onone";
			};
			name = Debug;
		};
		B5722C312691F83A0057FC3C /* Release */ = {
			isa = XCBuildConfiguration;
			buildSettings = {
				ALWAYS_SEARCH_USER_PATHS = NO;
				CLANG_ANALYZER_NONNULL = YES;
				CLANG_ANALYZER_NUMBER_OBJECT_CONVERSION = YES_AGGRESSIVE;
				CLANG_CXX_LANGUAGE_STANDARD = "gnu++14";
				CLANG_CXX_LIBRARY = "libc++";
				CLANG_ENABLE_MODULES = YES;
				CLANG_ENABLE_OBJC_ARC = YES;
				CLANG_ENABLE_OBJC_WEAK = YES;
				CLANG_WARN_BLOCK_CAPTURE_AUTORELEASING = YES;
				CLANG_WARN_BOOL_CONVERSION = YES;
				CLANG_WARN_COMMA = YES;
				CLANG_WARN_CONSTANT_CONVERSION = YES;
				CLANG_WARN_DEPRECATED_OBJC_IMPLEMENTATIONS = YES;
				CLANG_WARN_DIRECT_OBJC_ISA_USAGE = YES_ERROR;
				CLANG_WARN_DOCUMENTATION_COMMENTS = YES;
				CLANG_WARN_EMPTY_BODY = YES;
				CLANG_WARN_ENUM_CONVERSION = YES;
				CLANG_WARN_INFINITE_RECURSION = YES;
				CLANG_WARN_INT_CONVERSION = YES;
				CLANG_WARN_NON_LITERAL_NULL_CONVERSION = YES;
				CLANG_WARN_OBJC_IMPLICIT_RETAIN_SELF = YES;
				CLANG_WARN_OBJC_LITERAL_CONVERSION = YES;
				CLANG_WARN_OBJC_ROOT_CLASS = YES_ERROR;
				CLANG_WARN_QUOTED_INCLUDE_IN_FRAMEWORK_HEADER = YES;
				CLANG_WARN_RANGE_LOOP_ANALYSIS = YES;
				CLANG_WARN_STRICT_PROTOTYPES = YES;
				CLANG_WARN_SUSPICIOUS_MOVE = YES;
				CLANG_WARN_UNGUARDED_AVAILABILITY = YES_AGGRESSIVE;
				CLANG_WARN_UNREACHABLE_CODE = YES;
				CLANG_WARN__DUPLICATE_METHOD_MATCH = YES;
				COPY_PHASE_STRIP = NO;
				DEBUG_INFORMATION_FORMAT = "dwarf-with-dsym";
				ENABLE_NS_ASSERTIONS = NO;
				ENABLE_STRICT_OBJC_MSGSEND = YES;
				GCC_C_LANGUAGE_STANDARD = gnu11;
				GCC_NO_COMMON_BLOCKS = YES;
				GCC_WARN_64_TO_32_BIT_CONVERSION = YES;
				GCC_WARN_ABOUT_RETURN_TYPE = YES_ERROR;
				GCC_WARN_UNDECLARED_SELECTOR = YES;
				GCC_WARN_UNINITIALIZED_AUTOS = YES_AGGRESSIVE;
				GCC_WARN_UNUSED_FUNCTION = YES;
				GCC_WARN_UNUSED_VARIABLE = YES;
				IPHONEOS_DEPLOYMENT_TARGET = 14.5;
				MTL_ENABLE_DEBUG_INFO = NO;
				MTL_FAST_MATH = YES;
				SDKROOT = iphoneos;
				SWIFT_COMPILATION_MODE = wholemodule;
				SWIFT_OPTIMIZATION_LEVEL = "-O";
				VALIDATE_PRODUCT = YES;
			};
			name = Release;
		};
		B5722C332691F83A0057FC3C /* Debug */ = {
			isa = XCBuildConfiguration;
			buildSettings = {
				ASSETCATALOG_COMPILER_APPICON_NAME = AppIcon;
				ASSETCATALOG_COMPILER_GLOBAL_ACCENT_COLOR_NAME = AccentColor;
				CODE_SIGN_STYLE = Automatic;
				INFOPLIST_FILE = "Home work 15/Info.plist";
				LD_RUNPATH_SEARCH_PATHS = (
					"$(inherited)",
					"@executable_path/Frameworks",
				);
				PRODUCT_BUNDLE_IDENTIFIER = "by.nameSite.Home-work-15";
				PRODUCT_NAME = "$(TARGET_NAME)";
				SWIFT_VERSION = 5.0;
				TARGETED_DEVICE_FAMILY = "1,2";
			};
			name = Debug;
		};
		B5722C342691F83A0057FC3C /* Release */ = {
			isa = XCBuildConfiguration;
			buildSettings = {
				ASSETCATALOG_COMPILER_APPICON_NAME = AppIcon;
				ASSETCATALOG_COMPILER_GLOBAL_ACCENT_COLOR_NAME = AccentColor;
				CODE_SIGN_STYLE = Automatic;
				INFOPLIST_FILE = "Home work 15/Info.plist";
				LD_RUNPATH_SEARCH_PATHS = (
					"$(inherited)",
					"@executable_path/Frameworks",
				);
				PRODUCT_BUNDLE_IDENTIFIER = "by.nameSite.Home-work-15";
				PRODUCT_NAME = "$(TARGET_NAME)";
				SWIFT_VERSION = 5.0;
				TARGETED_DEVICE_FAMILY = "1,2";
			};
			name = Release;
		};
/* End XCBuildConfiguration section */

/* Begin XCConfigurationList section */
		B5722C192691F8370057FC3C /* Build configuration list for PBXProject "Home work 15" */ = {
			isa = XCConfigurationList;
			buildConfigurations = (
				B5722C302691F83A0057FC3C /* Debug */,
				B5722C312691F83A0057FC3C /* Release */,
			);
			defaultConfigurationIsVisible = 0;
			defaultConfigurationName = Release;
		};
		B5722C322691F83A0057FC3C /* Build configuration list for PBXNativeTarget "Home work 15" */ = {
			isa = XCConfigurationList;
			buildConfigurations = (
				B5722C332691F83A0057FC3C /* Debug */,
				B5722C342691F83A0057FC3C /* Release */,
			);
			defaultConfigurationIsVisible = 0;
			defaultConfigurationName = Release;
		};
/* End XCConfigurationList section */
	};
	rootObject = B5722C162691F8370057FC3C /* Project object */;
}
